
Microsoft Visual Studio Solution File, Format Version 12.00
# Visual Studio 2012
Project("{FAE04EC0-301F-11D3-BF4B-00C04F79EFBC}") = "QLK-DongLuc", "QLK-DongLuc\QLK-DongLuc.csproj", "{2C2073F4-48C3-40B5-8BD8-E2C9F9C4CB11}"
EndProject
Project("{6141683F-8A12-4E36-9623-2EB02B2C2303}") = "QuanLyKhoDongLuc-Setup", "QuanLyKhoDongLuc-Setup\QuanLyKhoDongLuc-Setup.isproj", "{A2B8A37D-40F1-4F83-8DAC-F3D5EA056478}"
	ProjectSection(ProjectDependencies) = postProject
		{2C2073F4-48C3-40B5-8BD8-E2C9F9C4CB11} = {2C2073F4-48C3-40B5-8BD8-E2C9F9C4CB11}
	EndProjectSection
EndProject
Global
	GlobalSection(SolutionConfigurationPlatforms) = preSolution
		CD_ROM|Any CPU = CD_ROM|Any CPU
		CD_ROM|x86 = CD_ROM|x86
		Debug|Any CPU = Debug|Any CPU
		Debug|x86 = Debug|x86
		DVD-5|Any CPU = DVD-5|Any CPU
		DVD-5|x86 = DVD-5|x86
		Release|Any CPU = Release|Any CPU
		Release|x86 = Release|x86
		SingleImage|Any CPU = SingleImage|Any CPU
		SingleImage|x86 = SingleImage|x86
	EndGlobalSection
	GlobalSection(ProjectConfigurationPlatforms) = postSolution
		{2C2073F4-48C3-40B5-8BD8-E2C9F9C4CB11}.CD_ROM|Any CPU.ActiveCfg = Release|Any CPU
		{2C2073F4-48C3-40B5-8BD8-E2C9F9C4CB11}.CD_ROM|Any CPU.Build.0 = Release|Any CPU
		{2C2073F4-48C3-40B5-8BD8-E2C9F9C4CB11}.CD_ROM|x86.ActiveCfg = Release|Any CPU
		{2C2073F4-48C3-40B5-8BD8-E2C9F9C4CB11}.CD_ROM|x86.Build.0 = Release|Any CPU
		{2C2073F4-48C3-40B5-8BD8-E2C9F9C4CB11}.Debug|Any CPU.ActiveCfg = Debug|Any CPU
		{2C2073F4-48C3-40B5-8BD8-E2C9F9C4CB11}.Debug|Any CPU.Build.0 = Debug|Any CPU
		{2C2073F4-48C3-40B5-8BD8-E2C9F9C4CB11}.Debug|x86.ActiveCfg = Debug|Any CPU
		{2C2073F4-48C3-40B5-8BD8-E2C9F9C4CB11}.Debug|x86.Build.0 = Debug|Any CPU
		{2C2073F4-48C3-40B5-8BD8-E2C9F9C4CB11}.DVD-5|Any CPU.ActiveCfg = Debug|Any CPU
		{2C2073F4-48C3-40B5-8BD8-E2C9F9C4CB11}.DVD-5|Any CPU.Build.0 = Debug|Any CPU
		{2C2073F4-48C3-40B5-8BD8-E2C9F9C4CB11}.DVD-5|x86.ActiveCfg = Debug|Any CPU
		{2C2073F4-48C3-40B5-8BD8-E2C9F9C4CB11}.DVD-5|x86.Build.0 = Debug|Any CPU
		{2C2073F4-48C3-40B5-8BD8-E2C9F9C4CB11}.Release|Any CPU.ActiveCfg = Release|Any CPU
		{2C2073F4-48C3-40B5-8BD8-E2C9F9C4CB11}.Release|Any CPU.Build.0 = Release|Any CPU
		{2C2073F4-48C3-40B5-8BD8-E2C9F9C4CB11}.Release|x86.ActiveCfg = Release|Any CPU
		{2C2073F4-48C3-40B5-8BD8-E2C9F9C4CB11}.Release|x86.Build.0 = Release|Any CPU
		{2C2073F4-48C3-40B5-8BD8-E2C9F9C4CB11}.SingleImage|Any CPU.ActiveCfg = Release|Any CPU
		{2C2073F4-48C3-40B5-8BD8-E2C9F9C4CB11}.SingleImage|Any CPU.Build.0 = Release|Any CPU
		{2C2073F4-48C3-40B5-8BD8-E2C9F9C4CB11}.SingleImage|x86.ActiveCfg = Release|Any CPU
		{2C2073F4-48C3-40B5-8BD8-E2C9F9C4CB11}.SingleImage|x86.Build.0 = Release|Any CPU
		{A2B8A37D-40F1-4F83-8DAC-F3D5EA056478}.CD_ROM|Any CPU.ActiveCfg = CD_ROM
		{A2B8A37D-40F1-4F83-8DAC-F3D5EA056478}.CD_ROM|Any CPU.Build.0 = CD_ROM
		{A2B8A37D-40F1-4F83-8DAC-F3D5EA056478}.CD_ROM|x86.ActiveCfg = CD_ROM
		{A2B8A37D-40F1-4F83-8DAC-F3D5EA056478}.CD_ROM|x86.Build.0 = CD_ROM
		{A2B8A37D-40F1-4F83-8DAC-F3D5EA056478}.Debug|Any CPU.ActiveCfg = DVD-5
		{A2B8A37D-40F1-4F83-8DAC-F3D5EA056478}.Debug|x86.ActiveCfg = DVD-5
		{A2B8A37D-40F1-4F83-8DAC-F3D5EA056478}.Debug|x86.Build.0 = DVD-5
		{A2B8A37D-40F1-4F83-8DAC-F3D5EA056478}.DVD-5|Any CPU.ActiveCfg = DVD-5
		{A2B8A37D-40F1-4F83-8DAC-F3D5EA056478}.DVD-5|Any CPU.Build.0 = DVD-5
		{A2B8A37D-40F1-4F83-8DAC-F3D5EA056478}.DVD-5|x86.ActiveCfg = DVD-5
		{A2B8A37D-40F1-4F83-8DAC-F3D5EA056478}.DVD-5|x86.Build.0 = DVD-5
		{A2B8A37D-40F1-4F83-8DAC-F3D5EA056478}.Release|Any CPU.ActiveCfg = SingleImage
		{A2B8A37D-40F1-4F83-8DAC-F3D5EA056478}.Release|Any CPU.Build.0 = SingleImage
		{A2B8A37D-40F1-4F83-8DAC-F3D5EA056478}.Release|x86.ActiveCfg = SingleImage
		{A2B8A37D-40F1-4F83-8DAC-F3D5EA056478}.Release|x86.Build.0 = SingleImage
		{A2B8A37D-40F1-4F83-8DAC-F3D5EA056478}.SingleImage|Any CPU.ActiveCfg = SingleImage
		{A2B8A37D-40F1-4F83-8DAC-F3D5EA056478}.SingleImage|Any CPU.Build.0 = SingleImage
		{A2B8A37D-40F1-4F83-8DAC-F3D5EA056478}.SingleImage|x86.ActiveCfg = SingleImage
		{A2B8A37D-40F1-4F83-8DAC-F3D5EA056478}.SingleImage|x86.Build.0 = SingleImage
	EndGlobalSection
	GlobalSection(SolutionProperties) = preSolution
		HideSolutionNode = FALSE
	EndGlobalSection
EndGlobal
